
Microsoft Visual Studio Solution File, Format Version 12.00
# Visual Studio Version 17
VisualStudioVersion = 17.6.33829.357
MinimumVisualStudioVersion = 10.0.40219.1
Project("{FAE04EC0-301F-11D3-BF4B-00C04F79EFBC}") = "ExtraHotkeys", "ExtraHotkeys\ExtraHotkeys.csproj", "{EF444EFE-1E6B-4A3C-A078-62DCA520ABE2}"
EndProject
Global
	GlobalSection(SolutionConfigurationPlatforms) = preSolution
		Debug|Any CPU = Debug|Any CPU
		Release|Any CPU = Release|Any CPU
	EndGlobalSection
	GlobalSection(ProjectConfigurationPlatforms) = postSolution
		{EF444EFE-1E6B-4A3C-A078-62DCA520ABE2}.Debug|Any CPU.ActiveCfg = Debug|Any CPU
		{EF444EFE-1E6B-4A3C-A078-62DCA520ABE2}.Debug|Any CPU.Build.0 = Debug|Any CPU
		{EF444EFE-1E6B-4A3C-A078-62DCA520ABE2}.Release|Any CPU.ActiveCfg = Release|Any CPU
		{EF444EFE-1E6B-4A3C-A078-62DCA520ABE2}.Release|Any CPU.Build.0 = Release|Any CPU
	EndGlobalSection
	GlobalSection(SolutionProperties) = preSolution
		HideSolutionNode = FALSE
	EndGlobalSection
	GlobalSection(ExtensibilityGlobals) = postSolution
		SolutionGuid = {AE84ADC4-7A50-48FA-9363-A8B67705FA65}
	EndGlobalSection
EndGlobal
